PODS:
  - Alamofire (5.7.1)
  - PromiseKit (6.18.1):
    - PromiseKit/CorePromise (= 6.18.1)
    - PromiseKit/Foundation (= 6.18.1)
    - PromiseKit/UIKit (= 6.18.1)
  - PromiseKit/CorePromise (6.18.1)
  - PromiseKit/Foundation (6.18.1):
    - PromiseKit/CorePromise
  - PromiseKit/UIKit (6.18.1):
    - PromiseKit/CorePromise
  - SnapKit (5.6.0)

DEPENDENCIES:
  - Alamofire (~> 5.5)
  - PromiseKit (~> 6.8)
  - SnapKit (~> 5.6.0)

SPEC REPOS:
  trunk:
    - Alamofire
    - PromiseKit
    - SnapKit

SPEC CHECKSUMS:
  Alamofire: 0123a34370cb170936ae79a8df46cc62b2edeb88
  PromiseKit: 49d70c53d5d20e346beaea4b276b5dd2ab446bb4
  SnapKit: e01d52ebb8ddbc333eefe2132acf85c8227d9c25

PODFILE CHECKSUM: a9b3652a2ece41f6e25d03f7e6bd0cda0fe5c530

COCOAPODS: 1.12.1
