// !$*UTF8*$!
{
	archiveVersion = 1;
	classes = {
	};
	objectVersion = 51;
	objects = {

/* Begin PBXBuildFile section */
		16EE943598B22FA867878108 /* Pods_GitClientApp.framework in Frameworks */ = {isa = PBXBuildFile; fileRef = DA79C5FC5A562F85F446DC8F /* Pods_GitClientApp.framework */; };
		40D6B0D7694E7261FD34AB4D /* Pods_GitClientAppTests.framework in Frameworks */ = {isa = PBXBuildFile; fileRef = FA4C4753122A9833EAB45068 /* Pods_GitClientAppTests.framework */; };
		795135C12A1CF2CE003CBCC9 /* GitHubUserDetailsViewController.swift in Sources */ = {isa = PBXBuildFile; fileRef = 795135C02A1CF2CE003CBCC9 /* GitHubUserDetailsViewController.swift */; };
		795135C42A1D0B39003CBCC9 /* BaseCollectionViewCell.swift in Sources */ = {isa = PBXBuildFile; fileRef = 795135C32A1D0B39003CBCC9 /* BaseCollectionViewCell.swift */; };
		795135C62A1D0B5F003CBCC9 /* GitHubUserHeaderView.swift in Sources */ = {isa = PBXBuildFile; fileRef = 795135C52A1D0B5F003CBCC9 /* GitHubUserHeaderView.swift */; };
		795135C82A1D1028003CBCC9 /* GitHubRepositoryCell.swift in Sources */ = {isa = PBXBuildFile; fileRef = 795135C72A1D1028003CBCC9 /* GitHubRepositoryCell.swift */; };
		795135CA2A1D14EF003CBCC9 /* GitHubRepositoryViewModel.swift in Sources */ = {isa = PBXBuildFile; fileRef = 795135C92A1D14EF003CBCC9 /* GitHubRepositoryViewModel.swift */; };
		795135CB2A1D14EF003CBCC9 /* GitHubRepositoryViewModel.swift in Sources */ = {isa = PBXBuildFile; fileRef = 795135C92A1D14EF003CBCC9 /* GitHubRepositoryViewModel.swift */; };
		795135CD2A1D2821003CBCC9 /* BaseHeaderView.swift in Sources */ = {isa = PBXBuildFile; fileRef = 795135CC2A1D2821003CBCC9 /* BaseHeaderView.swift */; };
		795135CE2A1D2821003CBCC9 /* BaseHeaderView.swift in Sources */ = {isa = PBXBuildFile; fileRef = 795135CC2A1D2821003CBCC9 /* BaseHeaderView.swift */; };
		795135D02A1D41B1003CBCC9 /* GitHubUserViewModelTests.swift in Sources */ = {isa = PBXBuildFile; fileRef = 795135CF2A1D41B1003CBCC9 /* GitHubUserViewModelTests.swift */; };
		795135D22A1D51C4003CBCC9 /* Data.swift in Sources */ = {isa = PBXBuildFile; fileRef = 795135D12A1D51C4003CBCC9 /* Data.swift */; };
		795135D32A1D60E9003CBCC9 /* GitHubUserDetailsViewController.swift in Sources */ = {isa = PBXBuildFile; fileRef = 795135C02A1CF2CE003CBCC9 /* GitHubUserDetailsViewController.swift */; };
		795135D42A1D60EF003CBCC9 /* GitHubRepositoryCell.swift in Sources */ = {isa = PBXBuildFile; fileRef = 795135C72A1D1028003CBCC9 /* GitHubRepositoryCell.swift */; };
		795135D52A1D60F2003CBCC9 /* GitHubUserHeaderView.swift in Sources */ = {isa = PBXBuildFile; fileRef = 795135C52A1D0B5F003CBCC9 /* GitHubUserHeaderView.swift */; };
		795135D62A1D60FE003CBCC9 /* BaseCollectionViewCell.swift in Sources */ = {isa = PBXBuildFile; fileRef = 795135C32A1D0B39003CBCC9 /* BaseCollectionViewCell.swift */; };
		795ADBDB2A1A849E009675A5 /* AppDelegate.swift in Sources */ = {isa = PBXBuildFile; fileRef = 795ADBDA2A1A849E009675A5 /* AppDelegate.swift */; };
		795ADBDD2A1A849E009675A5 /* SceneDelegate.swift in Sources */ = {isa = PBXBuildFile; fileRef = 795ADBDC2A1A849E009675A5 /* SceneDelegate.swift */; };
		795ADBE42A1A84A4009675A5 /* Assets.xcassets in Resources */ = {isa = PBXBuildFile; fileRef = 795ADBE32A1A84A4009675A5 /* Assets.xcassets */; };
		795ADBE72A1A84A4009675A5 /* LaunchScreen.storyboard in Resources */ = {isa = PBXBuildFile; fileRef = 795ADBE52A1A84A4009675A5 /* LaunchScreen.storyboard */; };
		795ADC0D2A1A902E009675A5 /* GitHubUserListViewController.swift in Sources */ = {isa = PBXBuildFile; fileRef = 795ADC0C2A1A902E009675A5 /* GitHubUserListViewController.swift */; };
		795ADC112A1A92A2009675A5 /* GitHubUser.swift in Sources */ = {isa = PBXBuildFile; fileRef = 795ADC102A1A92A2009675A5 /* GitHubUser.swift */; };
		795ADC132A1A92F3009675A5 /* GitHubAPIService.swift in Sources */ = {isa = PBXBuildFile; fileRef = 795ADC122A1A92F3009675A5 /* GitHubAPIService.swift */; };
		795ADC152A1A9434009675A5 /* GitHubRepository.swift in Sources */ = {isa = PBXBuildFile; fileRef = 795ADC142A1A9434009675A5 /* GitHubRepository.swift */; };
		795ADC162A1A9434009675A5 /* GitHubRepository.swift in Sources */ = {isa = PBXBuildFile; fileRef = 795ADC142A1A9434009675A5 /* GitHubRepository.swift */; };
		795ADC182A1A943B009675A5 /* GitHubUser.swift in Sources */ = {isa = PBXBuildFile; fileRef = 795ADC102A1A92A2009675A5 /* GitHubUser.swift */; };
		795ADC1A2A1A943F009675A5 /* GitHubAPIService.swift in Sources */ = {isa = PBXBuildFile; fileRef = 795ADC122A1A92F3009675A5 /* GitHubAPIService.swift */; };
		795ADC1C2A1A9442009675A5 /* GitHubUserListViewController.swift in Sources */ = {isa = PBXBuildFile; fileRef = 795ADC0C2A1A902E009675A5 /* GitHubUserListViewController.swift */; };
		795ADC1E2A1A9449009675A5 /* AppDelegate.swift in Sources */ = {isa = PBXBuildFile; fileRef = 795ADBDA2A1A849E009675A5 /* AppDelegate.swift */; };
		795ADC202A1A944C009675A5 /* SceneDelegate.swift in Sources */ = {isa = PBXBuildFile; fileRef = 795ADBDC2A1A849E009675A5 /* SceneDelegate.swift */; };
		795ADC242A1A9BA5009675A5 /* MockGitHubAPIService.swift in Sources */ = {isa = PBXBuildFile; fileRef = 795ADC232A1A9BA4009675A5 /* MockGitHubAPIService.swift */; };
		795ADC252A1A9BA5009675A5 /* MockGitHubAPIService.swift in Sources */ = {isa = PBXBuildFile; fileRef = 795ADC232A1A9BA4009675A5 /* MockGitHubAPIService.swift */; };
		795ADC2E2A1AA9FB009675A5 /* UIViewExtensions.swift in Sources */ = {isa = PBXBuildFile; fileRef = 795ADC2D2A1AA9FB009675A5 /* UIViewExtensions.swift */; };
		795ADC2F2A1AA9FB009675A5 /* UIViewExtensions.swift in Sources */ = {isa = PBXBuildFile; fileRef = 795ADC2D2A1AA9FB009675A5 /* UIViewExtensions.swift */; };
		795ADC322A1AAC85009675A5 /* UITableViewExtensions.swift in Sources */ = {isa = PBXBuildFile; fileRef = 795ADC312A1AAC85009675A5 /* UITableViewExtensions.swift */; };
		795ADC332A1AAC85009675A5 /* UITableViewExtensions.swift in Sources */ = {isa = PBXBuildFile; fileRef = 795ADC312A1AAC85009675A5 /* UITableViewExtensions.swift */; };
		795ADC362A1AAD01009675A5 /* UICollectionViewExtensions.swift in Sources */ = {isa = PBXBuildFile; fileRef = 795ADC352A1AAD01009675A5 /* UICollectionViewExtensions.swift */; };
		795ADC372A1AAD01009675A5 /* UICollectionViewExtensions.swift in Sources */ = {isa = PBXBuildFile; fileRef = 795ADC352A1AAD01009675A5 /* UICollectionViewExtensions.swift */; };
		795ADC3A2A1AB0D1009675A5 /* UIViewControllerExtensions.swift in Sources */ = {isa = PBXBuildFile; fileRef = 795ADC392A1AB0D1009675A5 /* UIViewControllerExtensions.swift */; };
		795ADC3B2A1AB0D1009675A5 /* UIViewControllerExtensions.swift in Sources */ = {isa = PBXBuildFile; fileRef = 795ADC392A1AB0D1009675A5 /* UIViewControllerExtensions.swift */; };
		795ADC3F2A1AB258009675A5 /* DateExtensions.swift in Sources */ = {isa = PBXBuildFile; fileRef = 795ADC3E2A1AB258009675A5 /* DateExtensions.swift */; };
		795ADC402A1AB258009675A5 /* DateExtensions.swift in Sources */ = {isa = PBXBuildFile; fileRef = 795ADC3E2A1AB258009675A5 /* DateExtensions.swift */; };
		795ADC462A1AB4B8009675A5 /* BaseViewController.swift in Sources */ = {isa = PBXBuildFile; fileRef = 795ADC452A1AB4B8009675A5 /* BaseViewController.swift */; };
		795ADC472A1AB4B8009675A5 /* BaseViewController.swift in Sources */ = {isa = PBXBuildFile; fileRef = 795ADC452A1AB4B8009675A5 /* BaseViewController.swift */; };
		795ADC4A2A1ABAFB009675A5 /* GitHubUserListViewModel.swift in Sources */ = {isa = PBXBuildFile; fileRef = 795ADC492A1ABAFB009675A5 /* GitHubUserListViewModel.swift */; };
		795ADC4B2A1ABAFB009675A5 /* GitHubUserListViewModel.swift in Sources */ = {isa = PBXBuildFile; fileRef = 795ADC492A1ABAFB009675A5 /* GitHubUserListViewModel.swift */; };
		795ADC4E2A1AC955009675A5 /* Alamofire+PromiseKit.swift in Sources */ = {isa = PBXBuildFile; fileRef = 795ADC4D2A1AC955009675A5 /* Alamofire+PromiseKit.swift */; };
		795ADC4F2A1AC955009675A5 /* Alamofire+PromiseKit.swift in Sources */ = {isa = PBXBuildFile; fileRef = 795ADC4D2A1AC955009675A5 /* Alamofire+PromiseKit.swift */; };
		795ADC522A1AD78E009675A5 /* APIError.swift in Sources */ = {isa = PBXBuildFile; fileRef = 795ADC512A1AD78E009675A5 /* APIError.swift */; };
		795ADC532A1AD78E009675A5 /* APIError.swift in Sources */ = {isa = PBXBuildFile; fileRef = 795ADC512A1AD78E009675A5 /* APIError.swift */; };
		795ADC562A1AD7B1009675A5 /* DataExtensions.swift in Sources */ = {isa = PBXBuildFile; fileRef = 795ADC552A1AD7B1009675A5 /* DataExtensions.swift */; };
		795ADC572A1AD7B1009675A5 /* DataExtensions.swift in Sources */ = {isa = PBXBuildFile; fileRef = 795ADC552A1AD7B1009675A5 /* DataExtensions.swift */; };
		795ADC5A2A1AD97E009675A5 /* APIRequest.swift in Sources */ = {isa = PBXBuildFile; fileRef = 795ADC592A1AD97E009675A5 /* APIRequest.swift */; };
		795ADC5B2A1AD97E009675A5 /* APIRequest.swift in Sources */ = {isa = PBXBuildFile; fileRef = 795ADC592A1AD97E009675A5 /* APIRequest.swift */; };
		795ADC5F2A1BA257009675A5 /* GitHubUserListViewModelTests.swift in Sources */ = {isa = PBXBuildFile; fileRef = 795ADC5E2A1BA257009675A5 /* GitHubUserListViewModelTests.swift */; };
		795ADC612A1BE2BF009675A5 /* GitHubUserCell.swift in Sources */ = {isa = PBXBuildFile; fileRef = 795ADC602A1BE2BF009675A5 /* GitHubUserCell.swift */; };
		795ADC622A1BE2BF009675A5 /* GitHubUserCell.swift in Sources */ = {isa = PBXBuildFile; fileRef = 795ADC602A1BE2BF009675A5 /* GitHubUserCell.swift */; };
		795ADC642A1BE2ED009675A5 /* GitHubUserViewModel.swift in Sources */ = {isa = PBXBuildFile; fileRef = 795ADC632A1BE2ED009675A5 /* GitHubUserViewModel.swift */; };
		795ADC652A1BE2ED009675A5 /* GitHubUserViewModel.swift in Sources */ = {isa = PBXBuildFile; fileRef = 795ADC632A1BE2ED009675A5 /* GitHubUserViewModel.swift */; };
		795ADC692A1BEC39009675A5 /* BaseTableViewCell.swift in Sources */ = {isa = PBXBuildFile; fileRef = 795ADC682A1BEC39009675A5 /* BaseTableViewCell.swift */; };
		795ADC6A2A1BEC39009675A5 /* BaseTableViewCell.swift in Sources */ = {isa = PBXBuildFile; fileRef = 795ADC682A1BEC39009675A5 /* BaseTableViewCell.swift */; };
		795ADC6C2A1C0139009675A5 /* AvatarView.swift in Sources */ = {isa = PBXBuildFile; fileRef = 795ADC6B2A1C0139009675A5 /* AvatarView.swift */; };
		795ADC6D2A1C0139009675A5 /* AvatarView.swift in Sources */ = {isa = PBXBuildFile; fileRef = 795ADC6B2A1C0139009675A5 /* AvatarView.swift */; };
/* End PBXBuildFile section */

/* Begin PBXContainerItemProxy section */
		795ADBEE2A1A84A5009675A5 /* PBXContainerItemProxy */ = {
			isa = PBXContainerItemProxy;
			containerPortal = 795ADBCF2A1A849E009675A5 /* Project object */;
			proxyType = 1;
			remoteGlobalIDString = 795ADBD62A1A849E009675A5;
			remoteInfo = GitClientApp;
		};
/* End PBXContainerItemProxy section */

/* Begin PBXFileReference section */
		05CD74DA082BF83CEAC3E3AB /* Pods-GitClientApp.release.xcconfig */ = {isa = PBXFileReference; includeInIndex = 1; lastKnownFileType = text.xcconfig; name = "Pods-GitClientApp.release.xcconfig"; path = "Target Support Files/Pods-GitClientApp/Pods-GitClientApp.release.xcconfig"; sourceTree = "<group>"; };
		6B328A9317F5ADC706101542 /* Pods-GitClientAppTests.debug.xcconfig */ = {isa = PBXFileReference; includeInIndex = 1; lastKnownFileType = text.xcconfig; name = "Pods-GitClientAppTests.debug.xcconfig"; path = "Target Support Files/Pods-GitClientAppTests/Pods-GitClientAppTests.debug.xcconfig"; sourceTree = "<group>"; };
		795135C02A1CF2CE003CBCC9 /* GitHubUserDetailsViewController.swift */ = {isa = PBXFileReference; lastKnownFileType = sourcecode.swift; path = GitHubUserDetailsViewController.swift; sourceTree = "<group>"; };
		795135C32A1D0B39003CBCC9 /* BaseCollectionViewCell.swift */ = {isa = PBXFileReference; lastKnownFileType = sourcecode.swift; path = BaseCollectionViewCell.swift; sourceTree = "<group>"; };
		795135C52A1D0B5F003CBCC9 /* GitHubUserHeaderView.swift */ = {isa = PBXFileReference; lastKnownFileType = sourcecode.swift; path = GitHubUserHeaderView.swift; sourceTree = "<group>"; };
		795135C72A1D1028003CBCC9 /* GitHubRepositoryCell.swift */ = {isa = PBXFileReference; lastKnownFileType = sourcecode.swift; path = GitHubRepositoryCell.swift; sourceTree = "<group>"; };
		795135C92A1D14EF003CBCC9 /* GitHubRepositoryViewModel.swift */ = {isa = PBXFileReference; lastKnownFileType = sourcecode.swift; path = GitHubRepositoryViewModel.swift; sourceTree = "<group>"; };
		795135CC2A1D2821003CBCC9 /* BaseHeaderView.swift */ = {isa = PBXFileReference; lastKnownFileType = sourcecode.swift; path = BaseHeaderView.swift; sourceTree = "<group>"; };
		795135CF2A1D41B1003CBCC9 /* GitHubUserViewModelTests.swift */ = {isa = PBXFileReference; lastKnownFileType = sourcecode.swift; path = GitHubUserViewModelTests.swift; sourceTree = "<group>"; };
		795135D12A1D51C4003CBCC9 /* Data.swift */ = {isa = PBXFileReference; lastKnownFileType = sourcecode.swift; path = Data.swift; sourceTree = "<group>"; };
		795ADBD72A1A849E009675A5 /* GitClientApp.app */ = {isa = PBXFileReference; explicitFileType = wrapper.application; includeInIndex = 0; path = GitClientApp.app; sourceTree = BUILT_PRODUCTS_DIR; };
		795ADBDA2A1A849E009675A5 /* AppDelegate.swift */ = {isa = PBXFileReference; lastKnownFileType = sourcecode.swift; path = AppDelegate.swift; sourceTree = "<group>"; };
		795ADBDC2A1A849E009675A5 /* SceneDelegate.swift */ = {isa = PBXFileReference; lastKnownFileType = sourcecode.swift; path = SceneDelegate.swift; sourceTree = "<group>"; };
		795ADBE32A1A84A4009675A5 /* Assets.xcassets */ = {isa = PBXFileReference; lastKnownFileType = folder.assetcatalog; path = Assets.xcassets; sourceTree = "<group>"; };
		795ADBE62A1A84A4009675A5 /* Base */ = {isa = PBXFileReference; lastKnownFileType = file.storyboard; name = Base; path = Base.lproj/LaunchScreen.storyboard; sourceTree = "<group>"; };
		795ADBE82A1A84A4009675A5 /* Info.plist */ = {isa = PBXFileReference; lastKnownFileType = text.plist.xml; path = Info.plist; sourceTree = "<group>"; };
		795ADBED2A1A84A5009675A5 /* GitClientAppTests.xctest */ = {isa = PBXFileReference; explicitFileType = wrapper.cfbundle; includeInIndex = 0; path = GitClientAppTests.xctest; sourceTree = BUILT_PRODUCTS_DIR; };
		795ADBF32A1A84A5009675A5 /* Info.plist */ = {isa = PBXFileReference; lastKnownFileType = text.plist.xml; path = Info.plist; sourceTree = "<group>"; };
		795ADC0C2A1A902E009675A5 /* GitHubUserListViewController.swift */ = {isa = PBXFileReference; lastKnownFileType = sourcecode.swift; path = GitHubUserListViewController.swift; sourceTree = "<group>"; };
		795ADC102A1A92A2009675A5 /* GitHubUser.swift */ = {isa = PBXFileReference; lastKnownFileType = sourcecode.swift; path = GitHubUser.swift; sourceTree = "<group>"; };
		795ADC122A1A92F3009675A5 /* GitHubAPIService.swift */ = {isa = PBXFileReference; lastKnownFileType = sourcecode.swift; path = GitHubAPIService.swift; sourceTree = "<group>"; };
		795ADC142A1A9434009675A5 /* GitHubRepository.swift */ = {isa = PBXFileReference; lastKnownFileType = sourcecode.swift; path = GitHubRepository.swift; sourceTree = "<group>"; };
		795ADC232A1A9BA4009675A5 /* MockGitHubAPIService.swift */ = {isa = PBXFileReference; lastKnownFileType = sourcecode.swift; path = MockGitHubAPIService.swift; sourceTree = "<group>"; };
		795ADC2D2A1AA9FB009675A5 /* UIViewExtensions.swift */ = {isa = PBXFileReference; lastKnownFileType = sourcecode.swift; path = UIViewExtensions.swift; sourceTree = "<group>"; };
		795ADC312A1AAC85009675A5 /* UITableViewExtensions.swift */ = {isa = PBXFileReference; lastKnownFileType = sourcecode.swift; path = UITableViewExtensions.swift; sourceTree = "<group>"; };
		795ADC352A1AAD01009675A5 /* UICollectionViewExtensions.swift */ = {isa = PBXFileReference; lastKnownFileType = sourcecode.swift; path = UICollectionViewExtensions.swift; sourceTree = "<group>"; };
		795ADC392A1AB0D1009675A5 /* UIViewControllerExtensions.swift */ = {isa = PBXFileReference; lastKnownFileType = sourcecode.swift; path = UIViewControllerExtensions.swift; sourceTree = "<group>"; };
		795ADC3E2A1AB258009675A5 /* DateExtensions.swift */ = {isa = PBXFileReference; lastKnownFileType = sourcecode.swift; path = DateExtensions.swift; sourceTree = "<group>"; };
		795ADC452A1AB4B8009675A5 /* BaseViewController.swift */ = {isa = PBXFileReference; lastKnownFileType = sourcecode.swift; path = BaseViewController.swift; sourceTree = "<group>"; };
		795ADC492A1ABAFB009675A5 /* GitHubUserListViewModel.swift */ = {isa = PBXFileReference; lastKnownFileType = sourcecode.swift; path = GitHubUserListViewModel.swift; sourceTree = "<group>"; };
		795ADC4D2A1AC955009675A5 /* Alamofire+PromiseKit.swift */ = {isa = PBXFileReference; lastKnownFileType = sourcecode.swift; path = "Alamofire+PromiseKit.swift"; sourceTree = "<group>"; };
		795ADC512A1AD78E009675A5 /* APIError.swift */ = {isa = PBXFileReference; lastKnownFileType = sourcecode.swift; path = APIError.swift; sourceTree = "<group>"; };
		795ADC552A1AD7B1009675A5 /* DataExtensions.swift */ = {isa = PBXFileReference; lastKnownFileType = sourcecode.swift; path = DataExtensions.swift; sourceTree = "<group>"; };
		795ADC592A1AD97E009675A5 /* APIRequest.swift */ = {isa = PBXFileReference; lastKnownFileType = sourcecode.swift; path = APIRequest.swift; sourceTree = "<group>"; };
		795ADC5E2A1BA257009675A5 /* GitHubUserListViewModelTests.swift */ = {isa = PBXFileReference; lastKnownFileType = sourcecode.swift; path = GitHubUserListViewModelTests.swift; sourceTree = "<group>"; };
		795ADC602A1BE2BF009675A5 /* GitHubUserCell.swift */ = {isa = PBXFileReference; lastKnownFileType = sourcecode.swift; path = GitHubUserCell.swift; sourceTree = "<group>"; };
		795ADC632A1BE2ED009675A5 /* GitHubUserViewModel.swift */ = {isa = PBXFileReference; lastKnownFileType = sourcecode.swift; path = GitHubUserViewModel.swift; sourceTree = "<group>"; };
		795ADC682A1BEC39009675A5 /* BaseTableViewCell.swift */ = {isa = PBXFileReference; lastKnownFileType = sourcecode.swift; path = BaseTableViewCell.swift; sourceTree = "<group>"; };
		795ADC6B2A1C0139009675A5 /* AvatarView.swift */ = {isa = PBXFileReference; lastKnownFileType = sourcecode.swift; path = AvatarView.swift; sourceTree = "<group>"; };
		93E7294A275A3955808710B8 /* Pods-GitClientApp.debug.xcconfig */ = {isa = PBXFileReference; includeInIndex = 1; lastKnownFileType = text.xcconfig; name = "Pods-GitClientApp.debug.xcconfig"; path = "Target Support Files/Pods-GitClientApp/Pods-GitClientApp.debug.xcconfig"; sourceTree = "<group>"; };
		DA79C5FC5A562F85F446DC8F /* Pods_GitClientApp.framework */ = {isa = PBXFileReference; explicitFileType = wrapper.framework; includeInIndex = 0; path = Pods_GitClientApp.framework; sourceTree = BUILT_PRODUCTS_DIR; };
		DC5A69CC22F605CF57EAF87F /* Pods-GitClientAppTests.release.xcconfig */ = {isa = PBXFileReference; includeInIndex = 1; lastKnownFileType = text.xcconfig; name = "Pods-GitClientAppTests.release.xcconfig"; path = "Target Support Files/Pods-GitClientAppTests/Pods-GitClientAppTests.release.xcconfig"; sourceTree = "<group>"; };
		FA4C4753122A9833EAB45068 /* Pods_GitClientAppTests.framework */ = {isa = PBXFileReference; explicitFileType = wrapper.framework; includeInIndex = 0; path = Pods_GitClientAppTests.framework; sourceTree = BUILT_PRODUCTS_DIR; };
/* End PBXFileReference section */

/* Begin PBXFrameworksBuildPhase section */
		795ADBD42A1A849E009675A5 /* Frameworks */ = {
			isa = PBXFrameworksBuildPhase;
			buildActionMask = 2147483647;
			files = (
				16EE943598B22FA867878108 /* Pods_GitClientApp.framework in Frameworks */,
			);
			runOnlyForDeploymentPostprocessing = 0;
		};
		795ADBEA2A1A84A5009675A5 /* Frameworks */ = {
			isa = PBXFrameworksBuildPhase;
			buildActionMask = 2147483647;
			files = (
				40D6B0D7694E7261FD34AB4D /* Pods_GitClientAppTests.framework in Frameworks */,
			);
			runOnlyForDeploymentPostprocessing = 0;
		};
/* End PBXFrameworksBuildPhase section */

/* Begin PBXGroup section */
		13A4E10534B7B8E1B947EB2F /* Frameworks */ = {
			isa = PBXGroup;
			children = (
				DA79C5FC5A562F85F446DC8F /* Pods_GitClientApp.framework */,
				FA4C4753122A9833EAB45068 /* Pods_GitClientAppTests.framework */,
			);
			name = Frameworks;
			sourceTree = "<group>";
		};
		795135C22A1D0322003CBCC9 /* Cells */ = {
			isa = PBXGroup;
			children = (
				795ADC602A1BE2BF009675A5 /* GitHubUserCell.swift */,
				795135C52A1D0B5F003CBCC9 /* GitHubUserHeaderView.swift */,
				795135C72A1D1028003CBCC9 /* GitHubRepositoryCell.swift */,
			);
			path = Cells;
			sourceTree = "<group>";
		};
		795ADBCE2A1A849E009675A5 = {
			isa = PBXGroup;
			children = (
				795ADBD92A1A849E009675A5 /* GitClientApp */,
				795ADBF02A1A84A5009675A5 /* GitClientAppTests */,
				795ADBD82A1A849E009675A5 /* Products */,
				DE939D7C75438AF8E0202A9F /* Pods */,
				13A4E10534B7B8E1B947EB2F /* Frameworks */,
			);
			indentWidth = 2;
			sourceTree = "<group>";
			tabWidth = 2;
		};
		795ADBD82A1A849E009675A5 /* Products */ = {
			isa = PBXGroup;
			children = (
				795ADBD72A1A849E009675A5 /* GitClientApp.app */,
				795ADBED2A1A84A5009675A5 /* GitClientAppTests.xctest */,
			);
			name = Products;
			sourceTree = "<group>";
		};
		795ADBD92A1A849E009675A5 /* GitClientApp */ = {
			isa = PBXGroup;
			children = (
				795ADC272A1A9D44009675A5 /* App */,
				795ADC672A1BE94E009675A5 /* Components */,
				795ADC2B2A1AA947009675A5 /* Extensions */,
				795ADC0E2A1A9268009675A5 /* Models */,
				795ADC0A2A1A8EC2009675A5 /* Resources */,
				795ADC0F2A1A9271009675A5 /* Services */,
				795ADC282A1A9D58009675A5 /* Supporting Files */,
				795ADC2A2A1AA937009675A5 /* Utils */,
				795ADC432A1AB450009675A5 /* ViewModels */,
				795ADC422A1AB41E009675A5 /* Views */,
			);
			path = GitClientApp;
			sourceTree = "<group>";
		};
		795ADBF02A1A84A5009675A5 /* GitClientAppTests */ = {
			isa = PBXGroup;
			children = (
				795ADBF32A1A84A5009675A5 /* Info.plist */,
				795ADC5E2A1BA257009675A5 /* GitHubUserListViewModelTests.swift */,
				795135CF2A1D41B1003CBCC9 /* GitHubUserViewModelTests.swift */,
				795ADC222A1A9B82009675A5 /* Mock */,
			);
			path = GitClientAppTests;
			sourceTree = "<group>";
		};
		795ADC0A2A1A8EC2009675A5 /* Resources */ = {
			isa = PBXGroup;
			children = (
				795ADBE32A1A84A4009675A5 /* Assets.xcassets */,
				795ADBE52A1A84A4009675A5 /* LaunchScreen.storyboard */,
			);
			path = Resources;
			sourceTree = "<group>";
		};
		795ADC0B2A1A9001009675A5 /* Users */ = {
			isa = PBXGroup;
			children = (
				795135C22A1D0322003CBCC9 /* Cells */,
				795135C02A1CF2CE003CBCC9 /* GitHubUserDetailsViewController.swift */,
				795ADC0C2A1A902E009675A5 /* GitHubUserListViewController.swift */,
			);
			path = Users;
			sourceTree = "<group>";
		};
		795ADC0E2A1A9268009675A5 /* Models */ = {
			isa = PBXGroup;
			children = (
				795ADC512A1AD78E009675A5 /* APIError.swift */,
				795ADC592A1AD97E009675A5 /* APIRequest.swift */,
				795ADC102A1A92A2009675A5 /* GitHubUser.swift */,
				795ADC142A1A9434009675A5 /* GitHubRepository.swift */,
			);
			path = Models;
			sourceTree = "<group>";
		};
		795ADC0F2A1A9271009675A5 /* Services */ = {
			isa = PBXGroup;
			children = (
				795ADC122A1A92F3009675A5 /* GitHubAPIService.swift */,
			);
			path = Services;
			sourceTree = "<group>";
		};
		795ADC222A1A9B82009675A5 /* Mock */ = {
			isa = PBXGroup;
			children = (
				795ADC232A1A9BA4009675A5 /* MockGitHubAPIService.swift */,
				795135D12A1D51C4003CBCC9 /* Data.swift */,
			);
			path = Mock;
			sourceTree = "<group>";
		};
		795ADC272A1A9D44009675A5 /* App */ = {
			isa = PBXGroup;
			children = (
				795ADBDA2A1A849E009675A5 /* AppDelegate.swift */,
				795ADBDC2A1A849E009675A5 /* SceneDelegate.swift */,
			);
			path = App;
			sourceTree = "<group>";
		};
		795ADC282A1A9D58009675A5 /* Supporting Files */ = {
			isa = PBXGroup;
			children = (
				795ADBE82A1A84A4009675A5 /* Info.plist */,
			);
			path = "Supporting Files";
			sourceTree = "<group>";
		};
		795ADC2A2A1AA937009675A5 /* Utils */ = {
			isa = PBXGroup;
			children = (
				795ADC452A1AB4B8009675A5 /* BaseViewController.swift */,
				795ADC682A1BEC39009675A5 /* BaseTableViewCell.swift */,
				795135C32A1D0B39003CBCC9 /* BaseCollectionViewCell.swift */,
				795135CC2A1D2821003CBCC9 /* BaseHeaderView.swift */,
			);
			path = Utils;
			sourceTree = "<group>";
		};
		795ADC2B2A1AA947009675A5 /* Extensions */ = {
			isa = PBXGroup;
			children = (
				795ADC662A1BE3F0009675A5 /* 3rdPartyLibraries */,
				795ADC3D2A1AB119009675A5 /* Foundation */,
				795ADC2C2A1AA99F009675A5 /* UIKit */,
			);
			path = Extensions;
			sourceTree = "<group>";
		};
		795ADC2C2A1AA99F009675A5 /* UIKit */ = {
			isa = PBXGroup;
			children = (
				795ADC2D2A1AA9FB009675A5 /* UIViewExtensions.swift */,
				795ADC312A1AAC85009675A5 /* UITableViewExtensions.swift */,
				795ADC352A1AAD01009675A5 /* UICollectionViewExtensions.swift */,
				795ADC392A1AB0D1009675A5 /* UIViewControllerExtensions.swift */,
			);
			path = UIKit;
			sourceTree = "<group>";
		};
		795ADC3D2A1AB119009675A5 /* Foundation */ = {
			isa = PBXGroup;
			children = (
				795ADC3E2A1AB258009675A5 /* DateExtensions.swift */,
				795ADC552A1AD7B1009675A5 /* DataExtensions.swift */,
			);
			path = Foundation;
			sourceTree = "<group>";
		};
		795ADC422A1AB41E009675A5 /* Views */ = {
			isa = PBXGroup;
			children = (
				795ADC0B2A1A9001009675A5 /* Users */,
			);
			path = Views;
			sourceTree = "<group>";
		};
		795ADC432A1AB450009675A5 /* ViewModels */ = {
			isa = PBXGroup;
			children = (
				795ADC492A1ABAFB009675A5 /* GitHubUserListViewModel.swift */,
				795ADC632A1BE2ED009675A5 /* GitHubUserViewModel.swift */,
				795135C92A1D14EF003CBCC9 /* GitHubRepositoryViewModel.swift */,
			);
			path = ViewModels;
			sourceTree = "<group>";
		};
		795ADC662A1BE3F0009675A5 /* 3rdPartyLibraries */ = {
			isa = PBXGroup;
			children = (
				795ADC4D2A1AC955009675A5 /* Alamofire+PromiseKit.swift */,
			);
			path = 3rdPartyLibraries;
			sourceTree = "<group>";
		};
		795ADC672A1BE94E009675A5 /* Components */ = {
			isa = PBXGroup;
			children = (
				795ADC6B2A1C0139009675A5 /* AvatarView.swift */,
			);
			path = Components;
			sourceTree = "<group>";
		};
		DE939D7C75438AF8E0202A9F /* Pods */ = {
			isa = PBXGroup;
			children = (
				93E7294A275A3955808710B8 /* Pods-GitClientApp.debug.xcconfig */,
				05CD74DA082BF83CEAC3E3AB /* Pods-GitClientApp.release.xcconfig */,
				6B328A9317F5ADC706101542 /* Pods-GitClientAppTests.debug.xcconfig */,
				DC5A69CC22F605CF57EAF87F /* Pods-GitClientAppTests.release.xcconfig */,
			);
			path = Pods;
			sourceTree = "<group>";
		};
/* End PBXGroup section */

/* Begin PBXNativeTarget section */
		795ADBD62A1A849E009675A5 /* GitClientApp */ = {
			isa = PBXNativeTarget;
			buildConfigurationList = 795ADC012A1A84A5009675A5 /* Build configuration list for PBXNativeTarget "GitClientApp" */;
			buildPhases = (
				34AF537C561AA5E5EEA7ECDD /* [CP] Check Pods Manifest.lock */,
				795ADBD32A1A849E009675A5 /* Sources */,
				795ADBD42A1A849E009675A5 /* Frameworks */,
				795ADBD52A1A849E009675A5 /* Resources */,
				9BE041A04C427A9F2D9976A3 /* [CP] Embed Pods Frameworks */,
			);
			buildRules = (
			);
			dependencies = (
			);
			name = GitClientApp;
			productName = GitClientApp;
			productReference = 795ADBD72A1A849E009675A5 /* GitClientApp.app */;
			productType = "com.apple.product-type.application";
		};
		795ADBEC2A1A84A5009675A5 /* GitClientAppTests */ = {
			isa = PBXNativeTarget;
			buildConfigurationList = 795ADC042A1A84A5009675A5 /* Build configuration list for PBXNativeTarget "GitClientAppTests" */;
			buildPhases = (
				0538F94655196E33415E41E9 /* [CP] Check Pods Manifest.lock */,
				795ADBE92A1A84A5009675A5 /* Sources */,
				795ADBEA2A1A84A5009675A5 /* Frameworks */,
				795ADBEB2A1A84A5009675A5 /* Resources */,
			);
			buildRules = (
			);
			dependencies = (
				795ADBEF2A1A84A5009675A5 /* PBXTargetDependency */,
			);
			name = GitClientAppTests;
			productName = GitClientAppTests;
			productReference = 795ADBED2A1A84A5009675A5 /* GitClientAppTests.xctest */;
			productType = "com.apple.product-type.bundle.unit-test";
		};
/* End PBXNativeTarget section */

/* Begin PBXProject section */
		795ADBCF2A1A849E009675A5 /* Project object */ = {
			isa = PBXProject;
			attributes = {
				LastSwiftUpdateCheck = 1250;
				LastUpgradeCheck = 1250;
				TargetAttributes = {
					795ADBD62A1A849E009675A5 = {
						CreatedOnToolsVersion = 12.5.1;
					};
					795ADBEC2A1A84A5009675A5 = {
						CreatedOnToolsVersion = 12.5.1;
						TestTargetID = 795ADBD62A1A849E009675A5;
					};
				};
			};
			buildConfigurationList = 795ADBD22A1A849E009675A5 /* Build configuration list for PBXProject "GitClientApp" */;
			compatibilityVersion = "Xcode 9.3";
			developmentRegion = en;
			hasScannedForEncodings = 0;
			knownRegions = (
				en,
				Base,
			);
			mainGroup = 795ADBCE2A1A849E009675A5;
			productRefGroup = 795ADBD82A1A849E009675A5 /* Products */;
			projectDirPath = "";
			projectRoot = "";
			targets = (
				795ADBD62A1A849E009675A5 /* GitClientApp */,
				795ADBEC2A1A84A5009675A5 /* GitClientAppTests */,
			);
		};
/* End PBXProject section */

/* Begin PBXResourcesBuildPhase section */
		795ADBD52A1A849E009675A5 /* Resources */ = {
			isa = PBXResourcesBuildPhase;
			buildActionMask = 2147483647;
			files = (
				795ADBE72A1A84A4009675A5 /* LaunchScreen.storyboard in Resources */,
				795ADBE42A1A84A4009675A5 /* Assets.xcassets in Resources */,
			);
			runOnlyForDeploymentPostprocessing = 0;
		};
		795ADBEB2A1A84A5009675A5 /* Resources */ = {
			isa = PBXResourcesBuildPhase;
			buildActionMask = 2147483647;
			files = (
			);
			runOnlyForDeploymentPostprocessing = 0;
		};
/* End PBXResourcesBuildPhase section */

/* Begin PBXShellScriptBuildPhase section */
		0538F94655196E33415E41E9 /* [CP] Check Pods Manifest.lock */ = {
			isa = PBXShellScriptBuildPhase;
			buildActionMask = 2147483647;
			files = (
			);
			inputFileListPaths = (
			);
			inputPaths = (
				"${PODS_PODFILE_DIR_PATH}/Podfile.lock",
				"${PODS_ROOT}/Manifest.lock",
			);
			name = "[CP] Check Pods Manifest.lock";
			outputFileListPaths = (
			);
			outputPaths = (
				"$(DERIVED_FILE_DIR)/Pods-GitClientAppTests-checkManifestLockResult.txt",
			);
			runOnlyForDeploymentPostprocessing = 0;
			shellPath = /bin/sh;
			shellScript = "diff \"${PODS_PODFILE_DIR_PATH}/Podfile.lock\" \"${PODS_ROOT}/Manifest.lock\" > /dev/null\nif [ $? != 0 ] ; then\n    # print error to STDERR\n    echo \"error: The sandbox is not in sync with the Podfile.lock. Run 'pod install' or update your CocoaPods installation.\" >&2\n    exit 1\nfi\n# This output is used by Xcode 'outputs' to avoid re-running this script phase.\necho \"SUCCESS\" > \"${SCRIPT_OUTPUT_FILE_0}\"\n";
			showEnvVarsInLog = 0;
		};
		34AF537C561AA5E5EEA7ECDD /* [CP] Check Pods Manifest.lock */ = {
			isa = PBXShellScriptBuildPhase;
			buildActionMask = 2147483647;
			files = (
			);
			inputFileListPaths = (
			);
			inputPaths = (
				"${PODS_PODFILE_DIR_PATH}/Podfile.lock",
				"${PODS_ROOT}/Manifest.lock",
			);
			name = "[CP] Check Pods Manifest.lock";
			outputFileListPaths = (
			);
			outputPaths = (
				"$(DERIVED_FILE_DIR)/Pods-GitClientApp-checkManifestLockResult.txt",
			);
			runOnlyForDeploymentPostprocessing = 0;
			shellPath = /bin/sh;
			shellScript = "diff \"${PODS_PODFILE_DIR_PATH}/Podfile.lock\" \"${PODS_ROOT}/Manifest.lock\" > /dev/null\nif [ $? != 0 ] ; then\n    # print error to STDERR\n    echo \"error: The sandbox is not in sync with the Podfile.lock. Run 'pod install' or update your CocoaPods installation.\" >&2\n    exit 1\nfi\n# This output is used by Xcode 'outputs' to avoid re-running this script phase.\necho \"SUCCESS\" > \"${SCRIPT_OUTPUT_FILE_0}\"\n";
			showEnvVarsInLog = 0;
		};
		9BE041A04C427A9F2D9976A3 /* [CP] Embed Pods Frameworks */ = {
			isa = PBXShellScriptBuildPhase;
			buildActionMask = 2147483647;
			files = (
			);
			inputFileListPaths = (
				"${PODS_ROOT}/Target Support Files/Pods-GitClientApp/Pods-GitClientApp-frameworks-${CONFIGURATION}-input-files.xcfilelist",
			);
			name = "[CP] Embed Pods Frameworks";
			outputFileListPaths = (
				"${PODS_ROOT}/Target Support Files/Pods-GitClientApp/Pods-GitClientApp-frameworks-${CONFIGURATION}-output-files.xcfilelist",
			);
			runOnlyForDeploymentPostprocessing = 0;
			shellPath = /bin/sh;
			shellScript = "\"${PODS_ROOT}/Target Support Files/Pods-GitClientApp/Pods-GitClientApp-frameworks.sh\"\n";
			showEnvVarsInLog = 0;
		};
/* End PBXShellScriptBuildPhase section */

/* Begin PBXSourcesBuildPhase section */
		795ADBD32A1A849E009675A5 /* Sources */ = {
			isa = PBXSourcesBuildPhase;
			buildActionMask = 2147483647;
			files = (
				795135C82A1D1028003CBCC9 /* GitHubRepositoryCell.swift in Sources */,
				795ADC4A2A1ABAFB009675A5 /* GitHubUserListViewModel.swift in Sources */,
				795ADC462A1AB4B8009675A5 /* BaseViewController.swift in Sources */,
				795ADC362A1AAD01009675A5 /* UICollectionViewExtensions.swift in Sources */,
				795ADC3A2A1AB0D1009675A5 /* UIViewControllerExtensions.swift in Sources */,
				795ADC692A1BEC39009675A5 /* BaseTableViewCell.swift in Sources */,
				795ADC0D2A1A902E009675A5 /* GitHubUserListViewController.swift in Sources */,
				795ADC112A1A92A2009675A5 /* GitHubUser.swift in Sources */,
				795ADC2E2A1AA9FB009675A5 /* UIViewExtensions.swift in Sources */,
				795ADC612A1BE2BF009675A5 /* GitHubUserCell.swift in Sources */,
				795ADC5A2A1AD97E009675A5 /* APIRequest.swift in Sources */,
				795ADC3F2A1AB258009675A5 /* DateExtensions.swift in Sources */,
				795135C62A1D0B5F003CBCC9 /* GitHubUserHeaderView.swift in Sources */,
				795ADC642A1BE2ED009675A5 /* GitHubUserViewModel.swift in Sources */,
				795ADC322A1AAC85009675A5 /* UITableViewExtensions.swift in Sources */,
				795ADBDB2A1A849E009675A5 /* AppDelegate.swift in Sources */,
				795ADC562A1AD7B1009675A5 /* DataExtensions.swift in Sources */,
				795ADC6C2A1C0139009675A5 /* AvatarView.swift in Sources */,
				795ADBDD2A1A849E009675A5 /* SceneDelegate.swift in Sources */,
				795135C42A1D0B39003CBCC9 /* BaseCollectionViewCell.swift in Sources */,
				795ADC242A1A9BA5009675A5 /* MockGitHubAPIService.swift in Sources */,
				795135C12A1CF2CE003CBCC9 /* GitHubUserDetailsViewController.swift in Sources */,
				795ADC152A1A9434009675A5 /* GitHubRepository.swift in Sources */,
				795135CA2A1D14EF003CBCC9 /* GitHubRepositoryViewModel.swift in Sources */,
				795ADC522A1AD78E009675A5 /* APIError.swift in Sources */,
				795ADC132A1A92F3009675A5 /* GitHubAPIService.swift in Sources */,
				795135CD2A1D2821003CBCC9 /* BaseHeaderView.swift in Sources */,
				795ADC4E2A1AC955009675A5 /* Alamofire+PromiseKit.swift in Sources */,
			);
			runOnlyForDeploymentPostprocessing = 0;
		};
		795ADBE92A1A84A5009675A5 /* Sources */ = {
			isa = PBXSourcesBuildPhase;
			buildActionMask = 2147483647;
			files = (
				795ADC1E2A1A9449009675A5 /* AppDelegate.swift in Sources */,
				795ADC372A1AAD01009675A5 /* UICollectionViewExtensions.swift in Sources */,
				795ADC202A1A944C009675A5 /* SceneDelegate.swift in Sources */,
				795ADC652A1BE2ED009675A5 /* GitHubUserViewModel.swift in Sources */,
				795135D02A1D41B1003CBCC9 /* GitHubUserViewModelTests.swift in Sources */,
				795135D52A1D60F2003CBCC9 /* GitHubUserHeaderView.swift in Sources */,
				795ADC532A1AD78E009675A5 /* APIError.swift in Sources */,
				795ADC5F2A1BA257009675A5 /* GitHubUserListViewModelTests.swift in Sources */,
				795ADC4F2A1AC955009675A5 /* Alamofire+PromiseKit.swift in Sources */,
				795ADC572A1AD7B1009675A5 /* DataExtensions.swift in Sources */,
				795135CB2A1D14EF003CBCC9 /* GitHubRepositoryViewModel.swift in Sources */,
				795ADC1C2A1A9442009675A5 /* GitHubUserListViewController.swift in Sources */,
				795ADC3B2A1AB0D1009675A5 /* UIViewControllerExtensions.swift in Sources */,
				795ADC622A1BE2BF009675A5 /* GitHubUserCell.swift in Sources */,
				795ADC472A1AB4B8009675A5 /* BaseViewController.swift in Sources */,
				795ADC182A1A943B009675A5 /* GitHubUser.swift in Sources */,
				795ADC162A1A9434009675A5 /* GitHubRepository.swift in Sources */,
				795ADC332A1AAC85009675A5 /* UITableViewExtensions.swift in Sources */,
				795ADC5B2A1AD97E009675A5 /* APIRequest.swift in Sources */,
				795ADC6A2A1BEC39009675A5 /* BaseTableViewCell.swift in Sources */,
				795ADC252A1A9BA5009675A5 /* MockGitHubAPIService.swift in Sources */,
				795ADC4B2A1ABAFB009675A5 /* GitHubUserListViewModel.swift in Sources */,
				795135D42A1D60EF003CBCC9 /* GitHubRepositoryCell.swift in Sources */,
				795ADC6D2A1C0139009675A5 /* AvatarView.swift in Sources */,
				795135D62A1D60FE003CBCC9 /* BaseCollectionViewCell.swift in Sources */,
				795ADC2F2A1AA9FB009675A5 /* UIViewExtensions.swift in Sources */,
				795ADC1A2A1A943F009675A5 /* GitHubAPIService.swift in Sources */,
				795ADC402A1AB258009675A5 /* DateExtensions.swift in Sources */,
				795135D22A1D51C4003CBCC9 /* Data.swift in Sources */,
				795135CE2A1D2821003CBCC9 /* BaseHeaderView.swift in Sources */,
				795135D32A1D60E9003CBCC9 /* GitHubUserDetailsViewController.swift in Sources */,
			);
			runOnlyForDeploymentPostprocessing = 0;
		};
/* End PBXSourcesBuildPhase section */

/* Begin PBXTargetDependency section */
		795ADBEF2A1A84A5009675A5 /* PBXTargetDependency */ = {
			isa = PBXTargetDependency;
			target = 795ADBD62A1A849E009675A5 /* GitClientApp */;
			targetProxy = 795ADBEE2A1A84A5009675A5 /* PBXContainerItemProxy */;
		};
/* End PBXTargetDependency section */

/* Begin PBXVariantGroup section */
		795ADBE52A1A84A4009675A5 /* LaunchScreen.storyboard */ = {
			isa = PBXVariantGroup;
			children = (
				795ADBE62A1A84A4009675A5 /* Base */,
			);
			name = LaunchScreen.storyboard;
			sourceTree = "<group>";
		};
/* End PBXVariantGroup section */

/* Begin XCBuildConfiguration section */
		795ADBFF2A1A84A5009675A5 /* Debug */ = {
			isa = XCBuildConfiguration;
			buildSettings = {
				ALWAYS_SEARCH_USER_PATHS = NO;
				CLANG_ANALYZER_NONNULL = YES;
				CLANG_ANALYZER_NUMBER_OBJECT_CONVERSION = YES_AGGRESSIVE;
				CLANG_CXX_LANGUAGE_STANDARD = "gnu++14";
				CLANG_CXX_LIBRARY = "libc++";
				CLANG_ENABLE_MODULES = YES;
				CLANG_ENABLE_OBJC_ARC = YES;
				CLANG_ENABLE_OBJC_WEAK = YES;
				CLANG_WARN_BLOCK_CAPTURE_AUTORELEASING = YES;
				CLANG_WARN_BOOL_CONVERSION = YES;
				CLANG_WARN_COMMA = YES;
				CLANG_WARN_CONSTANT_CONVERSION = YES;
				CLANG_WARN_DEPRECATED_OBJC_IMPLEMENTATIONS = YES;
				CLANG_WARN_DIRECT_OBJC_ISA_USAGE = YES_ERROR;
				CLANG_WARN_DOCUMENTATION_COMMENTS = YES;
				CLANG_WARN_EMPTY_BODY = YES;
				CLANG_WARN_ENUM_CONVERSION = YES;
				CLANG_WARN_INFINITE_RECURSION = YES;
				CLANG_WARN_INT_CONVERSION = YES;
				CLANG_WARN_NON_LITERAL_NULL_CONVERSION = YES;
				CLANG_WARN_OBJC_IMPLICIT_RETAIN_SELF = YES;
				CLANG_WARN_OBJC_LITERAL_CONVERSION = YES;
				CLANG_WARN_OBJC_ROOT_CLASS = YES_ERROR;
				CLANG_WARN_QUOTED_INCLUDE_IN_FRAMEWORK_HEADER = YES;
				CLANG_WARN_RANGE_LOOP_ANALYSIS = YES;
				CLANG_WARN_STRICT_PROTOTYPES = YES;
				CLANG_WARN_SUSPICIOUS_MOVE = YES;
				CLANG_WARN_UNGUARDED_AVAILABILITY = YES_AGGRESSIVE;
				CLANG_WARN_UNREACHABLE_CODE = YES;
				CLANG_WARN__DUPLICATE_METHOD_MATCH = YES;
				COPY_PHASE_STRIP = NO;
				DEBUG_INFORMATION_FORMAT = dwarf;
				ENABLE_STRICT_OBJC_MSGSEND = YES;
				ENABLE_TESTABILITY = YES;
				GCC_C_LANGUAGE_STANDARD = gnu11;
				GCC_DYNAMIC_NO_PIC = NO;
				GCC_NO_COMMON_BLOCKS = YES;
				GCC_OPTIMIZATION_LEVEL = 0;
				GCC_PREPROCESSOR_DEFINITIONS = (
					"DEBUG=1",
					"$(inherited)",
				);
				GCC_WARN_64_TO_32_BIT_CONVERSION = YES;
				GCC_WARN_ABOUT_RETURN_TYPE = YES_ERROR;
				GCC_WARN_UNDECLARED_SELECTOR = YES;
				GCC_WARN_UNINITIALIZED_AUTOS = YES_AGGRESSIVE;
				GCC_WARN_UNUSED_FUNCTION = YES;
				GCC_WARN_UNUSED_VARIABLE = YES;
				IPHONEOS_DEPLOYMENT_TARGET = 14.5;
				MTL_ENABLE_DEBUG_INFO = INCLUDE_SOURCE;
				MTL_FAST_MATH = YES;
				ONLY_ACTIVE_ARCH = YES;
				SDKROOT = iphoneos;
				SWIFT_ACTIVE_COMPILATION_CONDITIONS = DEBUG;
				SWIFT_OPTIMIZATION_LEVEL = "-Onone";
			};
			name = Debug;
		};
		795ADC002A1A84A5009675A5 /* Release */ = {
			isa = XCBuildConfiguration;
			buildSettings = {
				ALWAYS_SEARCH_USER_PATHS = NO;
				CLANG_ANALYZER_NONNULL = YES;
				CLANG_ANALYZER_NUMBER_OBJECT_CONVERSION = YES_AGGRESSIVE;
				CLANG_CXX_LANGUAGE_STANDARD = "gnu++14";
				CLANG_CXX_LIBRARY = "libc++";
				CLANG_ENABLE_MODULES = YES;
				CLANG_ENABLE_OBJC_ARC = YES;
				CLANG_ENABLE_OBJC_WEAK = YES;
				CLANG_WARN_BLOCK_CAPTURE_AUTORELEASING = YES;
				CLANG_WARN_BOOL_CONVERSION = YES;
				CLANG_WARN_COMMA = YES;
				CLANG_WARN_CONSTANT_CONVERSION = YES;
				CLANG_WARN_DEPRECATED_OBJC_IMPLEMENTATIONS = YES;
				CLANG_WARN_DIRECT_OBJC_ISA_USAGE = YES_ERROR;
				CLANG_WARN_DOCUMENTATION_COMMENTS = YES;
				CLANG_WARN_EMPTY_BODY = YES;
				CLANG_WARN_ENUM_CONVERSION = YES;
				CLANG_WARN_INFINITE_RECURSION = YES;
				CLANG_WARN_INT_CONVERSION = YES;
				CLANG_WARN_NON_LITERAL_NULL_CONVERSION = YES;
				CLANG_WARN_OBJC_IMPLICIT_RETAIN_SELF = YES;
				CLANG_WARN_OBJC_LITERAL_CONVERSION = YES;
				CLANG_WARN_OBJC_ROOT_CLASS = YES_ERROR;
				CLANG_WARN_QUOTED_INCLUDE_IN_FRAMEWORK_HEADER = YES;
				CLANG_WARN_RANGE_LOOP_ANALYSIS = YES;
				CLANG_WARN_STRICT_PROTOTYPES = YES;
				CLANG_WARN_SUSPICIOUS_MOVE = YES;
				CLANG_WARN_UNGUARDED_AVAILABILITY = YES_AGGRESSIVE;
				CLANG_WARN_UNREACHABLE_CODE = YES;
				CLANG_WARN__DUPLICATE_METHOD_MATCH = YES;
				COPY_PHASE_STRIP = NO;
				DEBUG_INFORMATION_FORMAT = "dwarf-with-dsym";
				ENABLE_NS_ASSERTIONS = NO;
				ENABLE_STRICT_OBJC_MSGSEND = YES;
				GCC_C_LANGUAGE_STANDARD = gnu11;
				GCC_NO_COMMON_BLOCKS = YES;
				GCC_WARN_64_TO_32_BIT_CONVERSION = YES;
				GCC_WARN_ABOUT_RETURN_TYPE = YES_ERROR;
				GCC_WARN_UNDECLARED_SELECTOR = YES;
				GCC_WARN_UNINITIALIZED_AUTOS = YES_AGGRESSIVE;
				GCC_WARN_UNUSED_FUNCTION = YES;
				GCC_WARN_UNUSED_VARIABLE = YES;
				IPHONEOS_DEPLOYMENT_TARGET = 14.5;
				MTL_ENABLE_DEBUG_INFO = NO;
				MTL_FAST_MATH = YES;
				SDKROOT = iphoneos;
				SWIFT_COMPILATION_MODE = wholemodule;
				SWIFT_OPTIMIZATION_LEVEL = "-O";
				VALIDATE_PRODUCT = YES;
			};
			name = Release;
		};
		795ADC022A1A84A5009675A5 /* Debug */ = {
			isa = XCBuildConfiguration;
			baseConfigurationReference = 93E7294A275A3955808710B8 /* Pods-GitClientApp.debug.xcconfig */;
			buildSettings = {
				ASSETCATALOG_COMPILER_APPICON_NAME = AppIcon;
				ASSETCATALOG_COMPILER_GLOBAL_ACCENT_COLOR_NAME = AccentColor;
				CODE_SIGN_STYLE = Automatic;
				CURRENT_PROJECT_VERSION = 1;
				DEVELOPMENT_TEAM = MULW6N96VK;
				INFOPLIST_FILE = "GitClientApp/Supporting Files/Info.plist";
				IPHONEOS_DEPLOYMENT_TARGET = 14.1;
				LD_RUNPATH_SEARCH_PATHS = (
					"$(inherited)",
					"@executable_path/Frameworks",
				);
				MARKETING_VERSION = 1.0.0;
				PRODUCT_BUNDLE_IDENTIFIER = com.guilhermeprates.GitClientApp;
				PRODUCT_NAME = "$(TARGET_NAME)";
				SWIFT_VERSION = 5.0;
				TARGETED_DEVICE_FAMILY = 1;
			};
			name = Debug;
		};
		795ADC032A1A84A5009675A5 /* Release */ = {
			isa = XCBuildConfiguration;
			baseConfigurationReference = 05CD74DA082BF83CEAC3E3AB /* Pods-GitClientApp.release.xcconfig */;
			buildSettings = {
				ASSETCATALOG_COMPILER_APPICON_NAME = AppIcon;
				ASSETCATALOG_COMPILER_GLOBAL_ACCENT_COLOR_NAME = AccentColor;
				CODE_SIGN_STYLE = Automatic;
				CURRENT_PROJECT_VERSION = 1;
				DEVELOPMENT_TEAM = MULW6N96VK;
				INFOPLIST_FILE = "GitClientApp/Supporting Files/Info.plist";
				IPHONEOS_DEPLOYMENT_TARGET = 14.1;
				LD_RUNPATH_SEARCH_PATHS = (
					"$(inherited)",
					"@executable_path/Frameworks",
				);
				MARKETING_VERSION = 1.0.0;
				PRODUCT_BUNDLE_IDENTIFIER = com.guilhermeprates.GitClientApp;
				PRODUCT_NAME = "$(TARGET_NAME)";
				SWIFT_VERSION = 5.0;
				TARGETED_DEVICE_FAMILY = 1;
			};
			name = Release;
		};
		795ADC052A1A84A5009675A5 /* Debug */ = {
			isa = XCBuildConfiguration;
			baseConfigurationReference = 6B328A9317F5ADC706101542 /* Pods-GitClientAppTests.debug.xcconfig */;
			buildSettings = {
				ALWAYS_EMBED_SWIFT_STANDARD_LIBRARIES = YES;
				BUNDLE_LOADER = "$(TEST_HOST)";
				CODE_SIGN_STYLE = Automatic;
				DEVELOPMENT_TEAM = MULW6N96VK;
				INFOPLIST_FILE = GitClientAppTests/Info.plist;
				IPHONEOS_DEPLOYMENT_TARGET = 14.5;
				LD_RUNPATH_SEARCH_PATHS = (
					"$(inherited)",
					"@executable_path/Frameworks",
					"@loader_path/Frameworks",
				);
				PRODUCT_BUNDLE_IDENTIFIER = com.guilhermeprates.GitClientAppTests;
				PRODUCT_NAME = "$(TARGET_NAME)";
				SWIFT_VERSION = 5.0;
				TARGETED_DEVICE_FAMILY = "1,2";
				TEST_HOST = "$(BUILT_PRODUCTS_DIR)/GitClientApp.app/GitClientApp";
			};
			name = Debug;
		};
		795ADC062A1A84A5009675A5 /* Release */ = {
			isa = XCBuildConfiguration;
			baseConfigurationReference = DC5A69CC22F605CF57EAF87F /* Pods-GitClientAppTests.release.xcconfig */;
			buildSettings = {
				ALWAYS_EMBED_SWIFT_STANDARD_LIBRARIES = YES;
				BUNDLE_LOADER = "$(TEST_HOST)";
				CODE_SIGN_STYLE = Automatic;
				DEVELOPMENT_TEAM = MULW6N96VK;
				INFOPLIST_FILE = GitClientAppTests/Info.plist;
				IPHONEOS_DEPLOYMENT_TARGET = 14.5;
				LD_RUNPATH_SEARCH_PATHS = (
					"$(inherited)",
					"@executable_path/Frameworks",
					"@loader_path/Frameworks",
				);
				PRODUCT_BUNDLE_IDENTIFIER = com.guilhermeprates.GitClientAppTests;
				PRODUCT_NAME = "$(TARGET_NAME)";
				SWIFT_VERSION = 5.0;
				TARGETED_DEVICE_FAMILY = "1,2";
				TEST_HOST = "$(BUILT_PRODUCTS_DIR)/GitClientApp.app/GitClientApp";
			};
			name = Release;
		};
/* End XCBuildConfiguration section */

/* Begin XCConfigurationList section */
		795ADBD22A1A849E009675A5 /* Build configuration list for PBXProject "GitClientApp" */ = {
			isa = XCConfigurationList;
			buildConfigurations = (
				795ADBFF2A1A84A5009675A5 /* Debug */,
				795ADC002A1A84A5009675A5 /* Release */,
			);
			defaultConfigurationIsVisible = 0;
			defaultConfigurationName = Release;
		};
		795ADC012A1A84A5009675A5 /* Build configuration list for PBXNativeTarget "GitClientApp" */ = {
			isa = XCConfigurationList;
			buildConfigurations = (
				795ADC022A1A84A5009675A5 /* Debug */,
				795ADC032A1A84A5009675A5 /* Release */,
			);
			defaultConfigurationIsVisible = 0;
			defaultConfigurationName = Release;
		};
		795ADC042A1A84A5009675A5 /* Build configuration list for PBXNativeTarget "GitClientAppTests" */ = {
			isa = XCConfigurationList;
			buildConfigurations = (
				795ADC052A1A84A5009675A5 /* Debug */,
				795ADC062A1A84A5009675A5 /* Release */,
			);
			defaultConfigurationIsVisible = 0;
			defaultConfigurationName = Release;
		};
/* End XCConfigurationList section */
	};
	rootObject = 795ADBCF2A1A849E009675A5 /* Project object */;
}
